// !$*UTF8*$!
{
	archiveVersion = 1;
	classes = {
	};
	objectVersion = 56;
	objects = {

/* Begin PBXBuildFile section */
		82307B92CF1144FDCB7F58D7 /* Pods_MovieHut.framework in Frameworks */ = {isa = PBXBuildFile; fileRef = 7713EFF82384917DE4F219BF /* Pods_MovieHut.framework */; };
		AF0E332F298473540016F7EF /* AppDelegate.swift in Sources */ = {isa = PBXBuildFile; fileRef = AF0E332E298473540016F7EF /* AppDelegate.swift */; };
		AF0E3331298473540016F7EF /* SceneDelegate.swift in Sources */ = {isa = PBXBuildFile; fileRef = AF0E3330298473540016F7EF /* SceneDelegate.swift */; };
		AF0E3338298473560016F7EF /* Assets.xcassets in Resources */ = {isa = PBXBuildFile; fileRef = AF0E3337298473560016F7EF /* Assets.xcassets */; };
		AF0E333B298473560016F7EF /* LaunchScreen.storyboard in Resources */ = {isa = PBXBuildFile; fileRef = AF0E3339298473560016F7EF /* LaunchScreen.storyboard */; };
		AF0E334D29847F730016F7EF /* Movie.storyboard in Resources */ = {isa = PBXBuildFile; fileRef = AF0E334929847F730016F7EF /* Movie.storyboard */; };
		AF0E334E29847F730016F7EF /* MovieListRouter.swift in Sources */ = {isa = PBXBuildFile; fileRef = AF0E334A29847F730016F7EF /* MovieListRouter.swift */; };
		AF0E334F29847F730016F7EF /* MovieListViewController.swift in Sources */ = {isa = PBXBuildFile; fileRef = AF0E334B29847F730016F7EF /* MovieListViewController.swift */; };
		AF0E335029847F730016F7EF /* MovieListViewModel.swift in Sources */ = {isa = PBXBuildFile; fileRef = AF0E334C29847F730016F7EF /* MovieListViewModel.swift */; };
		AF0E335329847FF90016F7EF /* NavigationManager.swift in Sources */ = {isa = PBXBuildFile; fileRef = AF0E335229847FF90016F7EF /* NavigationManager.swift */; };
		AF0E335629850CC50016F7EF /* BaseViewController.swift in Sources */ = {isa = PBXBuildFile; fileRef = AF0E335529850CC50016F7EF /* BaseViewController.swift */; };
		AF0E335829850E4A0016F7EF /* Shortcuts.swift in Sources */ = {isa = PBXBuildFile; fileRef = AF0E335729850E4A0016F7EF /* Shortcuts.swift */; };
		AF0E335B29850E760016F7EF /* StoryBoard.swift in Sources */ = {isa = PBXBuildFile; fileRef = AF0E335A29850E760016F7EF /* StoryBoard.swift */; };
		AF0E335E29850EE10016F7EF /* UIStoryboard+Extension.swift in Sources */ = {isa = PBXBuildFile; fileRef = AF0E335D29850EE10016F7EF /* UIStoryboard+Extension.swift */; };
		AFA8586D298519F700AC80D0 /* APINetworkSession.swift in Sources */ = {isa = PBXBuildFile; fileRef = AFA8586C298519F700AC80D0 /* APINetworkSession.swift */; };
		AFA8586F29851A3500AC80D0 /* URLRequest+Extension.swift in Sources */ = {isa = PBXBuildFile; fileRef = AFA8586E29851A3500AC80D0 /* URLRequest+Extension.swift */; };
		AFA8587329851AA300AC80D0 /* APIService.swift in Sources */ = {isa = PBXBuildFile; fileRef = AFA8587229851AA300AC80D0 /* APIService.swift */; };
		AFA8587529851AD100AC80D0 /* ServiceConstants.swift in Sources */ = {isa = PBXBuildFile; fileRef = AFA8587429851AD100AC80D0 /* ServiceConstants.swift */; };
		AFA8587B29851B3000AC80D0 /* Log.swift in Sources */ = {isa = PBXBuildFile; fileRef = AFA8587A29851B3000AC80D0 /* Log.swift */; };
		AFA8587D29851BA600AC80D0 /* ServicePayload.swift in Sources */ = {isa = PBXBuildFile; fileRef = AFA8587C29851BA600AC80D0 /* ServicePayload.swift */; };
		AFA8587F29851BE600AC80D0 /* ServiceEndPoints.swift in Sources */ = {isa = PBXBuildFile; fileRef = AFA8587E29851BE600AC80D0 /* ServiceEndPoints.swift */; };
		AFA8588129851C4100AC80D0 /* APIRequestDispatcher.swift in Sources */ = {isa = PBXBuildFile; fileRef = AFA8588029851C4100AC80D0 /* APIRequestDispatcher.swift */; };
		AFA8588329851C7A00AC80D0 /* Network+Extension.swift in Sources */ = {isa = PBXBuildFile; fileRef = AFA8588229851C7A00AC80D0 /* Network+Extension.swift */; };
		AFA8588629851F0A00AC80D0 /* MovieManager.swift in Sources */ = {isa = PBXBuildFile; fileRef = AFA8588529851F0A00AC80D0 /* MovieManager.swift */; };
		AFA858892985212100AC80D0 /* Movie.swift in Sources */ = {isa = PBXBuildFile; fileRef = AFA858882985212100AC80D0 /* Movie.swift */; };
		AFA8588B2985301E00AC80D0 /* Optional+Extension.swift in Sources */ = {isa = PBXBuildFile; fileRef = AFA8588A2985301E00AC80D0 /* Optional+Extension.swift */; };
		AFA8588E2985496700AC80D0 /* UITableView+Extensions.swift in Sources */ = {isa = PBXBuildFile; fileRef = AFA8588D2985496700AC80D0 /* UITableView+Extensions.swift */; };
		AFA8589029854AED00AC80D0 /* NSObject+Extensions.swift in Sources */ = {isa = PBXBuildFile; fileRef = AFA8588F29854AED00AC80D0 /* NSObject+Extensions.swift */; };
		AFA8589229854D4000AC80D0 /* MovieListViewController+TableView.swift in Sources */ = {isa = PBXBuildFile; fileRef = AFA8589129854D4000AC80D0 /* MovieListViewController+TableView.swift */; };
		AFA8589729854E7300AC80D0 /* MovieRow.swift in Sources */ = {isa = PBXBuildFile; fileRef = AFA8589529854E7300AC80D0 /* MovieRow.swift */; };
		AFA8589829854E7300AC80D0 /* MovieRow.xib in Resources */ = {isa = PBXBuildFile; fileRef = AFA8589629854E7300AC80D0 /* MovieRow.xib */; };
/* End PBXBuildFile section */

/* Begin PBXFileReference section */
		37EEAF18B1C38C1CDEA00CEF /* Pods-MovieHut.release.xcconfig */ = {isa = PBXFileReference; includeInIndex = 1; lastKnownFileType = text.xcconfig; name = "Pods-MovieHut.release.xcconfig"; path = "Target Support Files/Pods-MovieHut/Pods-MovieHut.release.xcconfig"; sourceTree = "<group>"; };
		7713EFF82384917DE4F219BF /* Pods_MovieHut.framework */ = {isa = PBXFileReference; explicitFileType = wrapper.framework; includeInIndex = 0; path = Pods_MovieHut.framework; sourceTree = BUILT_PRODUCTS_DIR; };
		7CE9B68517F277DEE80FDAF4 /* Pods-MovieHut.debug.xcconfig */ = {isa = PBXFileReference; includeInIndex = 1; lastKnownFileType = text.xcconfig; name = "Pods-MovieHut.debug.xcconfig"; path = "Target Support Files/Pods-MovieHut/Pods-MovieHut.debug.xcconfig"; sourceTree = "<group>"; };
		AF0E332B298473540016F7EF /* MovieHut.app */ = {isa = PBXFileReference; explicitFileType = wrapper.application; includeInIndex = 0; path = MovieHut.app; sourceTree = BUILT_PRODUCTS_DIR; };
		AF0E332E298473540016F7EF /* AppDelegate.swift */ = {isa = PBXFileReference; lastKnownFileType = sourcecode.swift; path = AppDelegate.swift; sourceTree = "<group>"; };
		AF0E3330298473540016F7EF /* SceneDelegate.swift */ = {isa = PBXFileReference; lastKnownFileType = sourcecode.swift; path = SceneDelegate.swift; sourceTree = "<group>"; };
		AF0E3337298473560016F7EF /* Assets.xcassets */ = {isa = PBXFileReference; lastKnownFileType = folder.assetcatalog; path = Assets.xcassets; sourceTree = "<group>"; };
		AF0E333A298473560016F7EF /* Base */ = {isa = PBXFileReference; lastKnownFileType = file.storyboard; name = Base; path = Base.lproj/LaunchScreen.storyboard; sourceTree = "<group>"; };
		AF0E333C298473560016F7EF /* Info.plist */ = {isa = PBXFileReference; lastKnownFileType = text.plist.xml; path = Info.plist; sourceTree = "<group>"; };
		AF0E334929847F730016F7EF /* Movie.storyboard */ = {isa = PBXFileReference; lastKnownFileType = file.storyboard; path = Movie.storyboard; sourceTree = "<group>"; };
		AF0E334A29847F730016F7EF /* MovieListRouter.swift */ = {isa = PBXFileReference; lastKnownFileType = sourcecode.swift; path = MovieListRouter.swift; sourceTree = "<group>"; };
		AF0E334B29847F730016F7EF /* MovieListViewController.swift */ = {isa = PBXFileReference; lastKnownFileType = sourcecode.swift; path = MovieListViewController.swift; sourceTree = "<group>"; };
		AF0E334C29847F730016F7EF /* MovieListViewModel.swift */ = {isa = PBXFileReference; lastKnownFileType = sourcecode.swift; path = MovieListViewModel.swift; sourceTree = "<group>"; };
		AF0E335229847FF90016F7EF /* NavigationManager.swift */ = {isa = PBXFileReference; lastKnownFileType = sourcecode.swift; path = NavigationManager.swift; sourceTree = "<group>"; };
		AF0E335529850CC50016F7EF /* BaseViewController.swift */ = {isa = PBXFileReference; lastKnownFileType = sourcecode.swift; path = BaseViewController.swift; sourceTree = "<group>"; };
		AF0E335729850E4A0016F7EF /* Shortcuts.swift */ = {isa = PBXFileReference; lastKnownFileType = sourcecode.swift; path = Shortcuts.swift; sourceTree = "<group>"; };
		AF0E335A29850E760016F7EF /* StoryBoard.swift */ = {isa = PBXFileReference; lastKnownFileType = sourcecode.swift; path = StoryBoard.swift; sourceTree = "<group>"; };
		AF0E335D29850EE10016F7EF /* UIStoryboard+Extension.swift */ = {isa = PBXFileReference; lastKnownFileType = sourcecode.swift; path = "UIStoryboard+Extension.swift"; sourceTree = "<group>"; };
		AFA8586C298519F700AC80D0 /* APINetworkSession.swift */ = {isa = PBXFileReference; lastKnownFileType = sourcecode.swift; path = APINetworkSession.swift; sourceTree = "<group>"; };
		AFA8586E29851A3500AC80D0 /* URLRequest+Extension.swift */ = {isa = PBXFileReference; lastKnownFileType = sourcecode.swift; path = "URLRequest+Extension.swift"; sourceTree = "<group>"; };
		AFA8587229851AA300AC80D0 /* APIService.swift */ = {isa = PBXFileReference; lastKnownFileType = sourcecode.swift; path = APIService.swift; sourceTree = "<group>"; };
		AFA8587429851AD100AC80D0 /* ServiceConstants.swift */ = {isa = PBXFileReference; lastKnownFileType = sourcecode.swift; path = ServiceConstants.swift; sourceTree = "<group>"; };
		AFA8587A29851B3000AC80D0 /* Log.swift */ = {isa = PBXFileReference; lastKnownFileType = sourcecode.swift; path = Log.swift; sourceTree = "<group>"; };
		AFA8587C29851BA600AC80D0 /* ServicePayload.swift */ = {isa = PBXFileReference; lastKnownFileType = sourcecode.swift; path = ServicePayload.swift; sourceTree = "<group>"; };
		AFA8587E29851BE600AC80D0 /* ServiceEndPoints.swift */ = {isa = PBXFileReference; lastKnownFileType = sourcecode.swift; path = ServiceEndPoints.swift; sourceTree = "<group>"; };
		AFA8588029851C4100AC80D0 /* APIRequestDispatcher.swift */ = {isa = PBXFileReference; lastKnownFileType = sourcecode.swift; path = APIRequestDispatcher.swift; sourceTree = "<group>"; };
		AFA8588229851C7A00AC80D0 /* Network+Extension.swift */ = {isa = PBXFileReference; lastKnownFileType = sourcecode.swift; path = "Network+Extension.swift"; sourceTree = "<group>"; };
		AFA8588529851F0A00AC80D0 /* MovieManager.swift */ = {isa = PBXFileReference; lastKnownFileType = sourcecode.swift; path = MovieManager.swift; sourceTree = "<group>"; };
		AFA858882985212100AC80D0 /* Movie.swift */ = {isa = PBXFileReference; lastKnownFileType = sourcecode.swift; path = Movie.swift; sourceTree = "<group>"; };
		AFA8588A2985301E00AC80D0 /* Optional+Extension.swift */ = {isa = PBXFileReference; lastKnownFileType = sourcecode.swift; path = "Optional+Extension.swift"; sourceTree = "<group>"; };
		AFA8588D2985496700AC80D0 /* UITableView+Extensions.swift */ = {isa = PBXFileReference; lastKnownFileType = sourcecode.swift; path = "UITableView+Extensions.swift"; sourceTree = "<group>"; };
		AFA8588F29854AED00AC80D0 /* NSObject+Extensions.swift */ = {isa = PBXFileReference; lastKnownFileType = sourcecode.swift; path = "NSObject+Extensions.swift"; sourceTree = "<group>"; };
		AFA8589129854D4000AC80D0 /* MovieListViewController+TableView.swift */ = {isa = PBXFileReference; lastKnownFileType = sourcecode.swift; path = "MovieListViewController+TableView.swift"; sourceTree = "<group>"; };
		AFA8589529854E7300AC80D0 /* MovieRow.swift */ = {isa = PBXFileReference; lastKnownFileType = sourcecode.swift; path = MovieRow.swift; sourceTree = "<group>"; };
		AFA8589629854E7300AC80D0 /* MovieRow.xib */ = {isa = PBXFileReference; lastKnownFileType = file.xib; path = MovieRow.xib; sourceTree = "<group>"; };
/* End PBXFileReference section */

/* Begin PBXFrameworksBuildPhase section */
		AF0E3328298473540016F7EF /* Frameworks */ = {
			isa = PBXFrameworksBuildPhase;
			buildActionMask = 2147483647;
			files = (
				82307B92CF1144FDCB7F58D7 /* Pods_MovieHut.framework in Frameworks */,
			);
			runOnlyForDeploymentPostprocessing = 0;
		};
/* End PBXFrameworksBuildPhase section */

/* Begin PBXGroup section */
		4A965A0DE48834A3734921DF /* Frameworks */ = {
			isa = PBXGroup;
			children = (
				7713EFF82384917DE4F219BF /* Pods_MovieHut.framework */,
			);
			name = Frameworks;
			sourceTree = "<group>";
		};
		76B7F54C27FE0BF2066F2D9B /* Pods */ = {
			isa = PBXGroup;
			children = (
				7CE9B68517F277DEE80FDAF4 /* Pods-MovieHut.debug.xcconfig */,
				37EEAF18B1C38C1CDEA00CEF /* Pods-MovieHut.release.xcconfig */,
			);
			name = Pods;
			path = Pods;
			sourceTree = "<group>";
		};
		AF0E3322298473540016F7EF = {
			isa = PBXGroup;
			children = (
				AF0E332D298473540016F7EF /* MovieHut */,
				AF0E332C298473540016F7EF /* Products */,
				76B7F54C27FE0BF2066F2D9B /* Pods */,
				4A965A0DE48834A3734921DF /* Frameworks */,
			);
			sourceTree = "<group>";
		};
		AF0E332C298473540016F7EF /* Products */ = {
			isa = PBXGroup;
			children = (
				AF0E332B298473540016F7EF /* MovieHut.app */,
			);
			name = Products;
			sourceTree = "<group>";
		};
		AF0E332D298473540016F7EF /* MovieHut */ = {
			isa = PBXGroup;
			children = (
				AF0E334229847AC70016F7EF /* AppDelegate */,
				AF0E335129847FEE0016F7EF /* NavigationManager */,
				AF0E335929850E610016F7EF /* Enums */,
				AF0E335429850C9B0016F7EF /* ModuleSetup */,
				AF0E334529847F2A0016F7EF /* Modules */,
				AF0E335C29850ECC0016F7EF /* Extensions */,
				AFA8587629851B0F00AC80D0 /* Helpers */,
				AFA8586B2985198000AC80D0 /* Network */,
				AF0E334429847C1A0016F7EF /* Storyboards */,
				AF0E334329847C0D0016F7EF /* Resources */,
			);
			path = MovieHut;
			sourceTree = "<group>";
		};
		AF0E334229847AC70016F7EF /* AppDelegate */ = {
			isa = PBXGroup;
			children = (
				AF0E3330298473540016F7EF /* SceneDelegate.swift */,
				AF0E332E298473540016F7EF /* AppDelegate.swift */,
			);
			path = AppDelegate;
			sourceTree = "<group>";
		};
		AF0E334329847C0D0016F7EF /* Resources */ = {
			isa = PBXGroup;
			children = (
				AF0E333C298473560016F7EF /* Info.plist */,
				AF0E3337298473560016F7EF /* Assets.xcassets */,
			);
			path = Resources;
			sourceTree = "<group>";
		};
		AF0E334429847C1A0016F7EF /* Storyboards */ = {
			isa = PBXGroup;
			children = (
				AF0E3339298473560016F7EF /* LaunchScreen.storyboard */,
				AF0E334929847F730016F7EF /* Movie.storyboard */,
			);
			path = Storyboards;
			sourceTree = "<group>";
		};
		AF0E334529847F2A0016F7EF /* Modules */ = {
			isa = PBXGroup;
			children = (
				AF0E334629847F350016F7EF /* MovieList */,
				AF0E334729847F3C0016F7EF /* MovieDetail */,
			);
			path = Modules;
			sourceTree = "<group>";
		};
		AF0E334629847F350016F7EF /* MovieList */ = {
			isa = PBXGroup;
			children = (
				AFA8589329854D8300AC80D0 /* TableViewCell */,
				AF0E334A29847F730016F7EF /* MovieListRouter.swift */,
				AF0E334B29847F730016F7EF /* MovieListViewController.swift */,
				AF0E334C29847F730016F7EF /* MovieListViewModel.swift */,
				AFA8589129854D4000AC80D0 /* MovieListViewController+TableView.swift */,
			);
			path = MovieList;
			sourceTree = "<group>";
		};
		AF0E334729847F3C0016F7EF /* MovieDetail */ = {
			isa = PBXGroup;
			children = (
			);
			path = MovieDetail;
			sourceTree = "<group>";
		};
		AF0E335129847FEE0016F7EF /* NavigationManager */ = {
			isa = PBXGroup;
			children = (
				AF0E335229847FF90016F7EF /* NavigationManager.swift */,
			);
			path = NavigationManager;
			sourceTree = "<group>";
		};
		AF0E335429850C9B0016F7EF /* ModuleSetup */ = {
			isa = PBXGroup;
			children = (
				AF0E335529850CC50016F7EF /* BaseViewController.swift */,
				AF0E335729850E4A0016F7EF /* Shortcuts.swift */,
			);
			path = ModuleSetup;
			sourceTree = "<group>";
		};
		AF0E335929850E610016F7EF /* Enums */ = {
			isa = PBXGroup;
			children = (
				AF0E335A29850E760016F7EF /* StoryBoard.swift */,
			);
			path = Enums;
			sourceTree = "<group>";
		};
		AF0E335C29850ECC0016F7EF /* Extensions */ = {
			isa = PBXGroup;
			children = (
				AF0E335D29850EE10016F7EF /* UIStoryboard+Extension.swift */,
				AFA8588A2985301E00AC80D0 /* Optional+Extension.swift */,
				AFA8588D2985496700AC80D0 /* UITableView+Extensions.swift */,
				AFA8588F29854AED00AC80D0 /* NSObject+Extensions.swift */,
			);
			path = Extensions;
			sourceTree = "<group>";
		};
		AFA8586B2985198000AC80D0 /* Network */ = {
			isa = PBXGroup;
			children = (
				AFA85887298520BB00AC80D0 /* Model */,
				AFA8588429851EF700AC80D0 /* ServiceManagers */,
				AFA8587129851A9700AC80D0 /* Layer */,
				AFA8587029851A6D00AC80D0 /* Base */,
			);
			path = Network;
			sourceTree = "<group>";
		};
		AFA8587029851A6D00AC80D0 /* Base */ = {
			isa = PBXGroup;
			children = (
				AFA8588029851C4100AC80D0 /* APIRequestDispatcher.swift */,
				AFA8586C298519F700AC80D0 /* APINetworkSession.swift */,
				AFA8586E29851A3500AC80D0 /* URLRequest+Extension.swift */,
				AFA8588229851C7A00AC80D0 /* Network+Extension.swift */,
			);
			path = Base;
			sourceTree = "<group>";
		};
		AFA8587129851A9700AC80D0 /* Layer */ = {
			isa = PBXGroup;
			children = (
				AFA8587229851AA300AC80D0 /* APIService.swift */,
				AFA8587429851AD100AC80D0 /* ServiceConstants.swift */,
				AFA8587C29851BA600AC80D0 /* ServicePayload.swift */,
				AFA8587E29851BE600AC80D0 /* ServiceEndPoints.swift */,
			);
			path = Layer;
			sourceTree = "<group>";
		};
		AFA8587629851B0F00AC80D0 /* Helpers */ = {
			isa = PBXGroup;
			children = (
				AFA8588C298537BF00AC80D0 /* Constants */,
				AFA8587929851B2600AC80D0 /* Log */,
			);
			path = Helpers;
			sourceTree = "<group>";
		};
		AFA8587929851B2600AC80D0 /* Log */ = {
			isa = PBXGroup;
			children = (
				AFA8587A29851B3000AC80D0 /* Log.swift */,
			);
			path = Log;
			sourceTree = "<group>";
		};
		AFA8588429851EF700AC80D0 /* ServiceManagers */ = {
			isa = PBXGroup;
			children = (
				AFA8588529851F0A00AC80D0 /* MovieManager.swift */,
			);
			path = ServiceManagers;
			sourceTree = "<group>";
		};
		AFA85887298520BB00AC80D0 /* Model */ = {
			isa = PBXGroup;
			children = (
				AFA858882985212100AC80D0 /* Movie.swift */,
			);
			path = Model;
			sourceTree = "<group>";
		};
		AFA8588C298537BF00AC80D0 /* Constants */ = {
			isa = PBXGroup;
			children = (
			);
			path = Constants;
			sourceTree = "<group>";
		};
		AFA8589329854D8300AC80D0 /* TableViewCell */ = {
			isa = PBXGroup;
			children = (
				AFA8589429854D9900AC80D0 /* MovieRow */,
			);
			path = TableViewCell;
			sourceTree = "<group>";
		};
		AFA8589429854D9900AC80D0 /* MovieRow */ = {
			isa = PBXGroup;
			children = (
				AFA8589529854E7300AC80D0 /* MovieRow.swift */,
				AFA8589629854E7300AC80D0 /* MovieRow.xib */,
			);
			path = MovieRow;
			sourceTree = "<group>";
		};
/* End PBXGroup section */

/* Begin PBXNativeTarget section */
		AF0E332A298473540016F7EF /* MovieHut */ = {
			isa = PBXNativeTarget;
			buildConfigurationList = AF0E333F298473560016F7EF /* Build configuration list for PBXNativeTarget "MovieHut" */;
			buildPhases = (
				AAC373550EF4AFC74DCABC4D /* [CP] Check Pods Manifest.lock */,
				AF0E3327298473540016F7EF /* Sources */,
				AF0E3328298473540016F7EF /* Frameworks */,
				AF0E3329298473540016F7EF /* Resources */,
				27FB56D0E1E2B89F02EF3DA3 /* [CP] Embed Pods Frameworks */,
			);
			buildRules = (
			);
			dependencies = (
			);
			name = MovieHut;
			productName = MovieHut;
			productReference = AF0E332B298473540016F7EF /* MovieHut.app */;
			productType = "com.apple.product-type.application";
		};
/* End PBXNativeTarget section */

/* Begin PBXProject section */
		AF0E3323298473540016F7EF /* Project object */ = {
			isa = PBXProject;
			attributes = {
				BuildIndependentTargetsInParallel = 1;
				LastSwiftUpdateCheck = 1410;
				LastUpgradeCheck = 1410;
				TargetAttributes = {
					AF0E332A298473540016F7EF = {
						CreatedOnToolsVersion = 14.1;
					};
				};
			};
			buildConfigurationList = AF0E3326298473540016F7EF /* Build configuration list for PBXProject "MovieHut" */;
			compatibilityVersion = "Xcode 14.0";
			developmentRegion = en;
			hasScannedForEncodings = 0;
			knownRegions = (
				en,
				Base,
			);
			mainGroup = AF0E3322298473540016F7EF;
			productRefGroup = AF0E332C298473540016F7EF /* Products */;
			projectDirPath = "";
			projectRoot = "";
			targets = (
				AF0E332A298473540016F7EF /* MovieHut */,
			);
		};
/* End PBXProject section */

/* Begin PBXResourcesBuildPhase section */
		AF0E3329298473540016F7EF /* Resources */ = {
			isa = PBXResourcesBuildPhase;
			buildActionMask = 2147483647;
			files = (
				AF0E333B298473560016F7EF /* LaunchScreen.storyboard in Resources */,
				AFA8589829854E7300AC80D0 /* MovieRow.xib in Resources */,
				AF0E3338298473560016F7EF /* Assets.xcassets in Resources */,
				AF0E334D29847F730016F7EF /* Movie.storyboard in Resources */,
			);
			runOnlyForDeploymentPostprocessing = 0;
		};
/* End PBXResourcesBuildPhase section */

/* Begin PBXShellScriptBuildPhase section */
		27FB56D0E1E2B89F02EF3DA3 /* [CP] Embed Pods Frameworks */ = {
			isa = PBXShellScriptBuildPhase;
			buildActionMask = 2147483647;
			files = (
			);
			inputFileListPaths = (
				"${PODS_ROOT}/Target Support Files/Pods-MovieHut/Pods-MovieHut-frameworks-${CONFIGURATION}-input-files.xcfilelist",
			);
			name = "[CP] Embed Pods Frameworks";
			outputFileListPaths = (
				"${PODS_ROOT}/Target Support Files/Pods-MovieHut/Pods-MovieHut-frameworks-${CONFIGURATION}-output-files.xcfilelist",
			);
			runOnlyForDeploymentPostprocessing = 0;
			shellPath = /bin/sh;
			shellScript = "\"${PODS_ROOT}/Target Support Files/Pods-MovieHut/Pods-MovieHut-frameworks.sh\"\n";
			showEnvVarsInLog = 0;
		};
		AAC373550EF4AFC74DCABC4D /* [CP] Check Pods Manifest.lock */ = {
			isa = PBXShellScriptBuildPhase;
			buildActionMask = 2147483647;
			files = (
			);
			inputFileListPaths = (
			);
			inputPaths = (
				"${PODS_PODFILE_DIR_PATH}/Podfile.lock",
				"${PODS_ROOT}/Manifest.lock",
			);
			name = "[CP] Check Pods Manifest.lock";
			outputFileListPaths = (
			);
			outputPaths = (
				"$(DERIVED_FILE_DIR)/Pods-MovieHut-checkManifestLockResult.txt",
			);
			runOnlyForDeploymentPostprocessing = 0;
			shellPath = /bin/sh;
			shellScript = "diff \"${PODS_PODFILE_DIR_PATH}/Podfile.lock\" \"${PODS_ROOT}/Manifest.lock\" > /dev/null\nif [ $? != 0 ] ; then\n    # print error to STDERR\n    echo \"error: The sandbox is not in sync with the Podfile.lock. Run 'pod install' or update your CocoaPods installation.\" >&2\n    exit 1\nfi\n# This output is used by Xcode 'outputs' to avoid re-running this script phase.\necho \"SUCCESS\" > \"${SCRIPT_OUTPUT_FILE_0}\"\n";
			showEnvVarsInLog = 0;
		};
/* End PBXShellScriptBuildPhase section */

/* Begin PBXSourcesBuildPhase section */
		AF0E3327298473540016F7EF /* Sources */ = {
			isa = PBXSourcesBuildPhase;
			buildActionMask = 2147483647;
			files = (
				AF0E332F298473540016F7EF /* AppDelegate.swift in Sources */,
				AFA8589729854E7300AC80D0 /* MovieRow.swift in Sources */,
				AFA8589229854D4000AC80D0 /* MovieListViewController+TableView.swift in Sources */,
				AFA8588129851C4100AC80D0 /* APIRequestDispatcher.swift in Sources */,
				AFA8586F29851A3500AC80D0 /* URLRequest+Extension.swift in Sources */,
				AFA8587B29851B3000AC80D0 /* Log.swift in Sources */,
				AF0E335B29850E760016F7EF /* StoryBoard.swift in Sources */,
				AFA8588B2985301E00AC80D0 /* Optional+Extension.swift in Sources */,
				AF0E335829850E4A0016F7EF /* Shortcuts.swift in Sources */,
				AF0E334E29847F730016F7EF /* MovieListRouter.swift in Sources */,
				AFA8588329851C7A00AC80D0 /* Network+Extension.swift in Sources */,
				AF0E335E29850EE10016F7EF /* UIStoryboard+Extension.swift in Sources */,
				AF0E3331298473540016F7EF /* SceneDelegate.swift in Sources */,
				AFA8586D298519F700AC80D0 /* APINetworkSession.swift in Sources */,
				AFA8588E2985496700AC80D0 /* UITableView+Extensions.swift in Sources */,
				AF0E334F29847F730016F7EF /* MovieListViewController.swift in Sources */,
				AFA8588629851F0A00AC80D0 /* MovieManager.swift in Sources */,
				AFA8589029854AED00AC80D0 /* NSObject+Extensions.swift in Sources */,
				AFA8587D29851BA600AC80D0 /* ServicePayload.swift in Sources */,
				AFA858892985212100AC80D0 /* Movie.swift in Sources */,
				AFA8587F29851BE600AC80D0 /* ServiceEndPoints.swift in Sources */,
				AFA8587329851AA300AC80D0 /* APIService.swift in Sources */,
				AF0E335029847F730016F7EF /* MovieListViewModel.swift in Sources */,
				AF0E335629850CC50016F7EF /* BaseViewController.swift in Sources */,
				AF0E335329847FF90016F7EF /* NavigationManager.swift in Sources */,
				AFA8587529851AD100AC80D0 /* ServiceConstants.swift in Sources */,
			);
			runOnlyForDeploymentPostprocessing = 0;
		};
/* End PBXSourcesBuildPhase section */

/* Begin PBXVariantGroup section */
		AF0E3339298473560016F7EF /* LaunchScreen.storyboard */ = {
			isa = PBXVariantGroup;
			children = (
				AF0E333A298473560016F7EF /* Base */,
			);
			name = LaunchScreen.storyboard;
			sourceTree = "<group>";
		};
/* End PBXVariantGroup section */

/* Begin XCBuildConfiguration section */
		AF0E333D298473560016F7EF /* Debug */ = {
			isa = XCBuildConfiguration;
			buildSettings = {
				ALWAYS_SEARCH_USER_PATHS = NO;
				CLANG_ANALYZER_NONNULL = YES;
				CLANG_ANALYZER_NUMBER_OBJECT_CONVERSION = YES_AGGRESSIVE;
				CLANG_CXX_LANGUAGE_STANDARD = "gnu++20";
				CLANG_ENABLE_MODULES = YES;
				CLANG_ENABLE_OBJC_ARC = YES;
				CLANG_ENABLE_OBJC_WEAK = YES;
				CLANG_WARN_BLOCK_CAPTURE_AUTORELEASING = YES;
				CLANG_WARN_BOOL_CONVERSION = YES;
				CLANG_WARN_COMMA = YES;
				CLANG_WARN_CONSTANT_CONVERSION = YES;
				CLANG_WARN_DEPRECATED_OBJC_IMPLEMENTATIONS = YES;
				CLANG_WARN_DIRECT_OBJC_ISA_USAGE = YES_ERROR;
				CLANG_WARN_DOCUMENTATION_COMMENTS = YES;
				CLANG_WARN_EMPTY_BODY = YES;
				CLANG_WARN_ENUM_CONVERSION = YES;
				CLANG_WARN_INFINITE_RECURSION = YES;
				CLANG_WARN_INT_CONVERSION = YES;
				CLANG_WARN_NON_LITERAL_NULL_CONVERSION = YES;
				CLANG_WARN_OBJC_IMPLICIT_RETAIN_SELF = YES;
				CLANG_WARN_OBJC_LITERAL_CONVERSION = YES;
				CLANG_WARN_OBJC_ROOT_CLASS = YES_ERROR;
				CLANG_WARN_QUOTED_INCLUDE_IN_FRAMEWORK_HEADER = YES;
				CLANG_WARN_RANGE_LOOP_ANALYSIS = YES;
				CLANG_WARN_STRICT_PROTOTYPES = YES;
				CLANG_WARN_SUSPICIOUS_MOVE = YES;
				CLANG_WARN_UNGUARDED_AVAILABILITY = YES_AGGRESSIVE;
				CLANG_WARN_UNREACHABLE_CODE = YES;
				CLANG_WARN__DUPLICATE_METHOD_MATCH = YES;
				COPY_PHASE_STRIP = NO;
				DEBUG_INFORMATION_FORMAT = dwarf;
				ENABLE_STRICT_OBJC_MSGSEND = YES;
				ENABLE_TESTABILITY = YES;
				GCC_C_LANGUAGE_STANDARD = gnu11;
				GCC_DYNAMIC_NO_PIC = NO;
				GCC_NO_COMMON_BLOCKS = YES;
				GCC_OPTIMIZATION_LEVEL = 0;
				GCC_PREPROCESSOR_DEFINITIONS = (
					"DEBUG=1",
					"$(inherited)",
				);
				GCC_WARN_64_TO_32_BIT_CONVERSION = YES;
				GCC_WARN_ABOUT_RETURN_TYPE = YES_ERROR;
				GCC_WARN_UNDECLARED_SELECTOR = YES;
				GCC_WARN_UNINITIALIZED_AUTOS = YES_AGGRESSIVE;
				GCC_WARN_UNUSED_FUNCTION = YES;
				GCC_WARN_UNUSED_VARIABLE = YES;
				IPHONEOS_DEPLOYMENT_TARGET = 16.1;
				MTL_ENABLE_DEBUG_INFO = INCLUDE_SOURCE;
				MTL_FAST_MATH = YES;
				ONLY_ACTIVE_ARCH = YES;
				SDKROOT = iphoneos;
				SWIFT_ACTIVE_COMPILATION_CONDITIONS = DEBUG;
				SWIFT_OPTIMIZATION_LEVEL = "-Onone";
			};
			name = Debug;
		};
		AF0E333E298473560016F7EF /* Release */ = {
			isa = XCBuildConfiguration;
			buildSettings = {
				ALWAYS_SEARCH_USER_PATHS = NO;
				CLANG_ANALYZER_NONNULL = YES;
				CLANG_ANALYZER_NUMBER_OBJECT_CONVERSION = YES_AGGRESSIVE;
				CLANG_CXX_LANGUAGE_STANDARD = "gnu++20";
				CLANG_ENABLE_MODULES = YES;
				CLANG_ENABLE_OBJC_ARC = YES;
				CLANG_ENABLE_OBJC_WEAK = YES;
				CLANG_WARN_BLOCK_CAPTURE_AUTORELEASING = YES;
				CLANG_WARN_BOOL_CONVERSION = YES;
				CLANG_WARN_COMMA = YES;
				CLANG_WARN_CONSTANT_CONVERSION = YES;
				CLANG_WARN_DEPRECATED_OBJC_IMPLEMENTATIONS = YES;
				CLANG_WARN_DIRECT_OBJC_ISA_USAGE = YES_ERROR;
				CLANG_WARN_DOCUMENTATION_COMMENTS = YES;
				CLANG_WARN_EMPTY_BODY = YES;
				CLANG_WARN_ENUM_CONVERSION = YES;
				CLANG_WARN_INFINITE_RECURSION = YES;
				CLANG_WARN_INT_CONVERSION = YES;
				CLANG_WARN_NON_LITERAL_NULL_CONVERSION = YES;
				CLANG_WARN_OBJC_IMPLICIT_RETAIN_SELF = YES;
				CLANG_WARN_OBJC_LITERAL_CONVERSION = YES;
				CLANG_WARN_OBJC_ROOT_CLASS = YES_ERROR;
				CLANG_WARN_QUOTED_INCLUDE_IN_FRAMEWORK_HEADER = YES;
				CLANG_WARN_RANGE_LOOP_ANALYSIS = YES;
				CLANG_WARN_STRICT_PROTOTYPES = YES;
				CLANG_WARN_SUSPICIOUS_MOVE = YES;
				CLANG_WARN_UNGUARDED_AVAILABILITY = YES_AGGRESSIVE;
				CLANG_WARN_UNREACHABLE_CODE = YES;
				CLANG_WARN__DUPLICATE_METHOD_MATCH = YES;
				COPY_PHASE_STRIP = NO;
				DEBUG_INFORMATION_FORMAT = "dwarf-with-dsym";
				ENABLE_NS_ASSERTIONS = NO;
				ENABLE_STRICT_OBJC_MSGSEND = YES;
				GCC_C_LANGUAGE_STANDARD = gnu11;
				GCC_NO_COMMON_BLOCKS = YES;
				GCC_WARN_64_TO_32_BIT_CONVERSION = YES;
				GCC_WARN_ABOUT_RETURN_TYPE = YES_ERROR;
				GCC_WARN_UNDECLARED_SELECTOR = YES;
				GCC_WARN_UNINITIALIZED_AUTOS = YES_AGGRESSIVE;
				GCC_WARN_UNUSED_FUNCTION = YES;
				GCC_WARN_UNUSED_VARIABLE = YES;
				IPHONEOS_DEPLOYMENT_TARGET = 16.1;
				MTL_ENABLE_DEBUG_INFO = NO;
				MTL_FAST_MATH = YES;
				SDKROOT = iphoneos;
				SWIFT_COMPILATION_MODE = wholemodule;
				SWIFT_OPTIMIZATION_LEVEL = "-O";
				VALIDATE_PRODUCT = YES;
			};
			name = Release;
		};
		AF0E3340298473560016F7EF /* Debug */ = {
			isa = XCBuildConfiguration;
			baseConfigurationReference = 7CE9B68517F277DEE80FDAF4 /* Pods-MovieHut.debug.xcconfig */;
			buildSettings = {
				ASSETCATALOG_COMPILER_APPICON_NAME = AppIcon;
				ASSETCATALOG_COMPILER_GLOBAL_ACCENT_COLOR_NAME = AccentColor;
				CODE_SIGN_IDENTITY = "Apple Development";
				CODE_SIGN_STYLE = Automatic;
				CURRENT_PROJECT_VERSION = 1;
				DEVELOPMENT_TEAM = "";
				GENERATE_INFOPLIST_FILE = YES;
				INFOPLIST_FILE = MovieHut/Resources/Info.plist;
				INFOPLIST_KEY_CFBundleDisplayName = "Movie Hut";
				INFOPLIST_KEY_LSApplicationCategoryType = "public.app-category.entertainment";
				INFOPLIST_KEY_UIApplicationSupportsIndirectInputEvents = YES;
				INFOPLIST_KEY_UILaunchStoryboardName = LaunchScreen;
				INFOPLIST_KEY_UIMainStoryboardFile = Movie;
				INFOPLIST_KEY_UISupportedInterfaceOrientations = "UIInterfaceOrientationLandscapeLeft UIInterfaceOrientationLandscapeRight UIInterfaceOrientationPortrait";
				INFOPLIST_KEY_UISupportedInterfaceOrientations_iPad = "UIInterfaceOrientationLandscapeLeft UIInterfaceOrientationLandscapeRight UIInterfaceOrientationPortrait UIInterfaceOrientationPortraitUpsideDown";
				IPHONEOS_DEPLOYMENT_TARGET = 15.0;
				LD_RUNPATH_SEARCH_PATHS = (
					"$(inherited)",
					"@executable_path/Frameworks",
				);
				MARKETING_VERSION = 1.0;
				PRODUCT_BUNDLE_IDENTIFIER = com.movie.MovieHut;
				PRODUCT_NAME = "$(TARGET_NAME)";
				PROVISIONING_PROFILE_SPECIFIER = "";
				SWIFT_EMIT_LOC_STRINGS = YES;
				SWIFT_VERSION = 5.0;
				TARGETED_DEVICE_FAMILY = "1,2";
			};
			name = Debug;
		};
		AF0E3341298473560016F7EF /* Release */ = {
			isa = XCBuildConfiguration;
			baseConfigurationReference = 37EEAF18B1C38C1CDEA00CEF /* Pods-MovieHut.release.xcconfig */;
			buildSettings = {
				ASSETCATALOG_COMPILER_APPICON_NAME = AppIcon;
				ASSETCATALOG_COMPILER_GLOBAL_ACCENT_COLOR_NAME = AccentColor;
				CODE_SIGN_IDENTITY = "Apple Development";
				CODE_SIGN_STYLE = Automatic;
				CURRENT_PROJECT_VERSION = 1;
				DEVELOPMENT_TEAM = "";
				GENERATE_INFOPLIST_FILE = YES;
				INFOPLIST_FILE = MovieHut/Resources/Info.plist;
				INFOPLIST_KEY_CFBundleDisplayName = "Movie Hut";
				INFOPLIST_KEY_LSApplicationCategoryType = "public.app-category.entertainment";
				INFOPLIST_KEY_UIApplicationSupportsIndirectInputEvents = YES;
				INFOPLIST_KEY_UILaunchStoryboardName = LaunchScreen;
				INFOPLIST_KEY_UIMainStoryboardFile = Movie;
				INFOPLIST_KEY_UISupportedInterfaceOrientations = "UIInterfaceOrientationLandscapeLeft UIInterfaceOrientationLandscapeRight UIInterfaceOrientationPortrait";
				INFOPLIST_KEY_UISupportedInterfaceOrientations_iPad = "UIInterfaceOrientationLandscapeLeft UIInterfaceOrientationLandscapeRight UIInterfaceOrientationPortrait UIInterfaceOrientationPortraitUpsideDown";
				IPHONEOS_DEPLOYMENT_TARGET = 15.0;
				LD_RUNPATH_SEARCH_PATHS = (
					"$(inherited)",
					"@executable_path/Frameworks",
				);
				MARKETING_VERSION = 1.0;
				PRODUCT_BUNDLE_IDENTIFIER = com.movie.MovieHut;
				PRODUCT_NAME = "$(TARGET_NAME)";
				PROVISIONING_PROFILE_SPECIFIER = "";
				SWIFT_EMIT_LOC_STRINGS = YES;
				SWIFT_VERSION = 5.0;
				TARGETED_DEVICE_FAMILY = "1,2";
			};
			name = Release;
		};
/* End XCBuildConfiguration section */

/* Begin XCConfigurationList section */
		AF0E3326298473540016F7EF /* Build configuration list for PBXProject "MovieHut" */ = {
			isa = XCConfigurationList;
			buildConfigurations = (
				AF0E333D298473560016F7EF /* Debug */,
				AF0E333E298473560016F7EF /* Release */,
			);
			defaultConfigurationIsVisible = 0;
			defaultConfigurationName = Release;
		};
		AF0E333F298473560016F7EF /* Build configuration list for PBXNativeTarget "MovieHut" */ = {
			isa = XCConfigurationList;
			buildConfigurations = (
				AF0E3340298473560016F7EF /* Debug */,
				AF0E3341298473560016F7EF /* Release */,
			);
			defaultConfigurationIsVisible = 0;
			defaultConfigurationName = Release;
		};
/* End XCConfigurationList section */
	};
	rootObject = AF0E3323298473540016F7EF /* Project object */;
}
